
Microsoft Visual Studio Solution File, Format Version 12.00
# Visual Studio Version 16
VisualStudioVersion = 16.0.29409.12
MinimumVisualStudioVersion = 10.0.40219.1
Project("{FAE04EC0-301F-11D3-BF4B-00C04F79EFBC}") = "TextAdventure1", "TextAdventure1\TextAdventure1.csproj", "{C22014E8-568D-4F0D-B74B-C18E1A3151ED}"
EndProject
Global
	GlobalSection(SolutionConfigurationPlatforms) = preSolution
		Debug|Any CPU = Debug|Any CPU
		Release|Any CPU = Release|Any CPU
	EndGlobalSection
	GlobalSection(ProjectConfigurationPlatforms) = postSolution
		{C22014E8-568D-4F0D-B74B-C18E1A3151ED}.Debug|Any CPU.ActiveCfg = Debug|Any CPU
		{C22014E8-568D-4F0D-B74B-C18E1A3151ED}.Debug|Any CPU.Build.0 = Debug|Any CPU
		{C22014E8-568D-4F0D-B74B-C18E1A3151ED}.Release|Any CPU.ActiveCfg = Release|Any CPU
		{C22014E8-568D-4F0D-B74B-C18E1A3151ED}.Release|Any CPU.Build.0 = Release|Any CPU
	EndGlobalSection
	GlobalSection(SolutionProperties) = preSolution
		HideSolutionNode = FALSE
	EndGlobalSection
	GlobalSection(ExtensibilityGlobals) = postSolution
		SolutionGuid = {DC918964-03ED-409B-A214-5A150B615BF2}
	EndGlobalSection
EndGlobal
